
Microsoft Visual Studio Solution File, Format Version 12.00
# Visual Studio 15
VisualStudioVersion = 15.0.28010.2046
MinimumVisualStudioVersion = 10.0.40219.1
Project("{FAE04EC0-301F-11D3-BF4B-00C04F79EFBC}") = "Example of O-O Principles", "Example of O-O Principles\Example of O-O Principles.csproj", "{7E3F7C6C-9A18-4AB8-9440-DA24CF4ED627}"
EndProject
Global
	GlobalSection(SolutionConfigurationPlatforms) = preSolution
		Debug|Any CPU = Debug|Any CPU
		Release|Any CPU = Release|Any CPU
	EndGlobalSection
	GlobalSection(ProjectConfigurationPlatforms) = postSolution
		{7E3F7C6C-9A18-4AB8-9440-DA24CF4ED627}.Debug|Any CPU.ActiveCfg = Debug|Any CPU
		{7E3F7C6C-9A18-4AB8-9440-DA24CF4ED627}.Debug|Any CPU.Build.0 = Debug|Any CPU
		{7E3F7C6C-9A18-4AB8-9440-DA24CF4ED627}.Release|Any CPU.ActiveCfg = Release|Any CPU
		{7E3F7C6C-9A18-4AB8-9440-DA24CF4ED627}.Release|Any CPU.Build.0 = Release|Any CPU
	EndGlobalSection
	GlobalSection(SolutionProperties) = preSolution
		HideSolutionNode = FALSE
	EndGlobalSection
	GlobalSection(ExtensibilityGlobals) = postSolution
		SolutionGuid = {C5FFD88B-5304-4F47-989E-10E80D5CDA5C}
	EndGlobalSection
EndGlobal
